
Microsoft Visual Studio Solution File, Format Version 12.00
# Visual Studio Version 16
VisualStudioVersion = 16.0.31729.503
MinimumVisualStudioVersion = 10.0.40219.1
Project("{FAE04EC0-301F-11D3-BF4B-00C04F79EFBC}") = "FoodFinder", "FoodFinder\FoodFinder.csproj", "{C9F5785B-0722-4036-B0FC-0CB8EC871C5E}"
EndProject
Project("{9A19103F-16F7-4668-BE54-9A1E7A4F7556}") = "StockMarket", "..\..\..\Desktop\03. Stock Market_Skeleton\Skeleton\StockMarket\StockMarket.csproj", "{3A822D85-8666-4EE1-B640-984111FA14F4}"
EndProject
Project("{FAE04EC0-301F-11D3-BF4B-00C04F79EFBC}") = "Pawn Wars", "Pawn Wars\Pawn Wars.csproj", "{74273325-7B06-49D2-9F0A-E2C61FE996A1}"
EndProject
Global
	GlobalSection(SolutionConfigurationPlatforms) = preSolution
		Debug|Any CPU = Debug|Any CPU
		Release|Any CPU = Release|Any CPU
	EndGlobalSection
	GlobalSection(ProjectConfigurationPlatforms) = postSolution
		{C9F5785B-0722-4036-B0FC-0CB8EC871C5E}.Debug|Any CPU.ActiveCfg = Debug|Any CPU
		{C9F5785B-0722-4036-B0FC-0CB8EC871C5E}.Debug|Any CPU.Build.0 = Debug|Any CPU
		{C9F5785B-0722-4036-B0FC-0CB8EC871C5E}.Release|Any CPU.ActiveCfg = Release|Any CPU
		{C9F5785B-0722-4036-B0FC-0CB8EC871C5E}.Release|Any CPU.Build.0 = Release|Any CPU
		{3A822D85-8666-4EE1-B640-984111FA14F4}.Debug|Any CPU.ActiveCfg = Debug|Any CPU
		{3A822D85-8666-4EE1-B640-984111FA14F4}.Debug|Any CPU.Build.0 = Debug|Any CPU
		{3A822D85-8666-4EE1-B640-984111FA14F4}.Release|Any CPU.ActiveCfg = Release|Any CPU
		{3A822D85-8666-4EE1-B640-984111FA14F4}.Release|Any CPU.Build.0 = Release|Any CPU
		{74273325-7B06-49D2-9F0A-E2C61FE996A1}.Debug|Any CPU.ActiveCfg = Debug|Any CPU
		{74273325-7B06-49D2-9F0A-E2C61FE996A1}.Debug|Any CPU.Build.0 = Debug|Any CPU
		{74273325-7B06-49D2-9F0A-E2C61FE996A1}.Release|Any CPU.ActiveCfg = Release|Any CPU
		{74273325-7B06-49D2-9F0A-E2C61FE996A1}.Release|Any CPU.Build.0 = Release|Any CPU
	EndGlobalSection
	GlobalSection(SolutionProperties) = preSolution
		HideSolutionNode = FALSE
	EndGlobalSection
	GlobalSection(ExtensibilityGlobals) = postSolution
		SolutionGuid = {1582C541-B2B3-4243-890B-FBB035B72BCF}
	EndGlobalSection
EndGlobal
