
Microsoft Visual Studio Solution File, Format Version 12.00
# Visual Studio Version 16
VisualStudioVersion = 16.0.31624.102
MinimumVisualStudioVersion = 10.0.40219.1
Project("{FAE04EC0-301F-11D3-BF4B-00C04F79EFBC}") = "Masterchef", "Masterchef\Masterchef.csproj", "{E11A324D-3BF4-4367-849B-0A345E88D338}"
EndProject
Project("{FAE04EC0-301F-11D3-BF4B-00C04F79EFBC}") = "Survivor", "Survivor\Survivor.csproj", "{21E8B592-6489-4AAB-9D71-7EFBC57EAE21}"
EndProject
Project("{9A19103F-16F7-4668-BE54-9A1E7A4F7556}") = "SkiRental", "..\..\..\Desktop\03. Ski Rental_Skeleton\SkiRental\SkiRental.csproj", "{9805ACEF-32C1-4D32-9E2E-A3C5D745E560}"
EndProject
Global
	GlobalSection(SolutionConfigurationPlatforms) = preSolution
		Debug|Any CPU = Debug|Any CPU
		Release|Any CPU = Release|Any CPU
	EndGlobalSection
	GlobalSection(ProjectConfigurationPlatforms) = postSolution
		{E11A324D-3BF4-4367-849B-0A345E88D338}.Debug|Any CPU.ActiveCfg = Debug|Any CPU
		{E11A324D-3BF4-4367-849B-0A345E88D338}.Debug|Any CPU.Build.0 = Debug|Any CPU
		{E11A324D-3BF4-4367-849B-0A345E88D338}.Release|Any CPU.ActiveCfg = Release|Any CPU
		{E11A324D-3BF4-4367-849B-0A345E88D338}.Release|Any CPU.Build.0 = Release|Any CPU
		{21E8B592-6489-4AAB-9D71-7EFBC57EAE21}.Debug|Any CPU.ActiveCfg = Debug|Any CPU
		{21E8B592-6489-4AAB-9D71-7EFBC57EAE21}.Debug|Any CPU.Build.0 = Debug|Any CPU
		{21E8B592-6489-4AAB-9D71-7EFBC57EAE21}.Release|Any CPU.ActiveCfg = Release|Any CPU
		{21E8B592-6489-4AAB-9D71-7EFBC57EAE21}.Release|Any CPU.Build.0 = Release|Any CPU
		{9805ACEF-32C1-4D32-9E2E-A3C5D745E560}.Debug|Any CPU.ActiveCfg = Debug|Any CPU
		{9805ACEF-32C1-4D32-9E2E-A3C5D745E560}.Debug|Any CPU.Build.0 = Debug|Any CPU
		{9805ACEF-32C1-4D32-9E2E-A3C5D745E560}.Release|Any CPU.ActiveCfg = Release|Any CPU
		{9805ACEF-32C1-4D32-9E2E-A3C5D745E560}.Release|Any CPU.Build.0 = Release|Any CPU
	EndGlobalSection
	GlobalSection(SolutionProperties) = preSolution
		HideSolutionNode = FALSE
	EndGlobalSection
	GlobalSection(ExtensibilityGlobals) = postSolution
		SolutionGuid = {FCA1C160-DBFB-4B92-8B6C-BFF157603B98}
	EndGlobalSection
EndGlobal
