
Microsoft Visual Studio Solution File, Format Version 12.00
# Visual Studio Version 16
VisualStudioVersion = 16.0.31624.102
MinimumVisualStudioVersion = 10.0.40219.1
Project("{9A19103F-16F7-4668-BE54-9A1E7A4F7556}") = "Flower Wreaths", "Flower Wreaths\Flower Wreaths.csproj", "{2721EC3D-F598-45BF-AD57-5095E430CB6A}"
EndProject
Project("{9A19103F-16F7-4668-BE54-9A1E7A4F7556}") = "Bee", "Bee\Bee.csproj", "{045AAD57-F723-489C-8FA6-B69B8EC70333}"
EndProject
Project("{9A19103F-16F7-4668-BE54-9A1E7A4F7556}") = "VetClinic", "..\..\..\Desktop\03. VetClinic_Skeleton\VetClinic\VetClinic.csproj", "{3411C154-0DA5-4123-8C41-FC35BD1532C6}"
EndProject
Global
	GlobalSection(SolutionConfigurationPlatforms) = preSolution
		Debug|Any CPU = Debug|Any CPU
		Release|Any CPU = Release|Any CPU
	EndGlobalSection
	GlobalSection(ProjectConfigurationPlatforms) = postSolution
		{2721EC3D-F598-45BF-AD57-5095E430CB6A}.Debug|Any CPU.ActiveCfg = Debug|Any CPU
		{2721EC3D-F598-45BF-AD57-5095E430CB6A}.Debug|Any CPU.Build.0 = Debug|Any CPU
		{2721EC3D-F598-45BF-AD57-5095E430CB6A}.Release|Any CPU.ActiveCfg = Release|Any CPU
		{2721EC3D-F598-45BF-AD57-5095E430CB6A}.Release|Any CPU.Build.0 = Release|Any CPU
		{045AAD57-F723-489C-8FA6-B69B8EC70333}.Debug|Any CPU.ActiveCfg = Debug|Any CPU
		{045AAD57-F723-489C-8FA6-B69B8EC70333}.Debug|Any CPU.Build.0 = Debug|Any CPU
		{045AAD57-F723-489C-8FA6-B69B8EC70333}.Release|Any CPU.ActiveCfg = Release|Any CPU
		{045AAD57-F723-489C-8FA6-B69B8EC70333}.Release|Any CPU.Build.0 = Release|Any CPU
		{3411C154-0DA5-4123-8C41-FC35BD1532C6}.Debug|Any CPU.ActiveCfg = Debug|Any CPU
		{3411C154-0DA5-4123-8C41-FC35BD1532C6}.Debug|Any CPU.Build.0 = Debug|Any CPU
		{3411C154-0DA5-4123-8C41-FC35BD1532C6}.Release|Any CPU.ActiveCfg = Release|Any CPU
		{3411C154-0DA5-4123-8C41-FC35BD1532C6}.Release|Any CPU.Build.0 = Release|Any CPU
	EndGlobalSection
	GlobalSection(SolutionProperties) = preSolution
		HideSolutionNode = FALSE
	EndGlobalSection
	GlobalSection(ExtensibilityGlobals) = postSolution
		SolutionGuid = {8F3A4695-58FA-4D99-B427-B64AB7DC97FB}
	EndGlobalSection
EndGlobal
