
Microsoft Visual Studio Solution File, Format Version 12.00
# Visual Studio Version 16
VisualStudioVersion = 16.0.31624.102
MinimumVisualStudioVersion = 10.0.40219.1
Project("{FAE04EC0-301F-11D3-BF4B-00C04F79EFBC}") = "BoxOfT", "Box\BoxOfT.csproj", "{31B0E2E8-9401-4FA0-819E-1D0DB1FE9F5F}"
EndProject
Global
	GlobalSection(SolutionConfigurationPlatforms) = preSolution
		Debug|Any CPU = Debug|Any CPU
		Release|Any CPU = Release|Any CPU
	EndGlobalSection
	GlobalSection(ProjectConfigurationPlatforms) = postSolution
		{31B0E2E8-9401-4FA0-819E-1D0DB1FE9F5F}.Debug|Any CPU.ActiveCfg = Debug|Any CPU
		{31B0E2E8-9401-4FA0-819E-1D0DB1FE9F5F}.Debug|Any CPU.Build.0 = Debug|Any CPU
		{31B0E2E8-9401-4FA0-819E-1D0DB1FE9F5F}.Release|Any CPU.ActiveCfg = Release|Any CPU
		{31B0E2E8-9401-4FA0-819E-1D0DB1FE9F5F}.Release|Any CPU.Build.0 = Release|Any CPU
	EndGlobalSection
	GlobalSection(SolutionProperties) = preSolution
		HideSolutionNode = FALSE
	EndGlobalSection
	GlobalSection(ExtensibilityGlobals) = postSolution
		SolutionGuid = {32293555-F377-47B0-A204-FF361D838C13}
	EndGlobalSection
EndGlobal
