
Microsoft Visual Studio Solution File, Format Version 12.00
# Visual Studio Version 16
VisualStudioVersion = 16.0.31624.102
MinimumVisualStudioVersion = 10.0.40219.1
Project("{9A19103F-16F7-4668-BE54-9A1E7A4F7556}") = "SoftUniParking", "SoftUniParking.csproj", "{C8693C0F-6BEE-437D-86FA-C1A244A45089}"
EndProject
Global
	GlobalSection(SolutionConfigurationPlatforms) = preSolution
		Debug|Any CPU = Debug|Any CPU
		Release|Any CPU = Release|Any CPU
	EndGlobalSection
	GlobalSection(ProjectConfigurationPlatforms) = postSolution
		{C8693C0F-6BEE-437D-86FA-C1A244A45089}.Debug|Any CPU.ActiveCfg = Debug|Any CPU
		{C8693C0F-6BEE-437D-86FA-C1A244A45089}.Debug|Any CPU.Build.0 = Debug|Any CPU
		{C8693C0F-6BEE-437D-86FA-C1A244A45089}.Release|Any CPU.ActiveCfg = Release|Any CPU
		{C8693C0F-6BEE-437D-86FA-C1A244A45089}.Release|Any CPU.Build.0 = Release|Any CPU
	EndGlobalSection
	GlobalSection(SolutionProperties) = preSolution
		HideSolutionNode = FALSE
	EndGlobalSection
	GlobalSection(ExtensibilityGlobals) = postSolution
		SolutionGuid = {763A2D3C-9ADA-4F3E-8755-5EB1022FCC75}
	EndGlobalSection
EndGlobal
