
Microsoft Visual Studio Solution File, Format Version 12.00
# Visual Studio Version 16
VisualStudioVersion = 16.0.31624.102
MinimumVisualStudioVersion = 10.0.40219.1
Project("{FAE04EC0-301F-11D3-BF4B-00C04F79EFBC}") = "GenericBoxOfString", "GenericBoxOfString\GenericBoxOfString.csproj", "{8BC42542-7866-4477-801E-D7C55DFCFAFC}"
EndProject
Project("{FAE04EC0-301F-11D3-BF4B-00C04F79EFBC}") = "GenericBoxOfInteger", "GenericBoxOfInteger\GenericBoxOfInteger.csproj", "{C3A4658B-3589-4C3D-A05E-DA36EAD5807A}"
EndProject
Project("{FAE04EC0-301F-11D3-BF4B-00C04F79EFBC}") = "GenericSwapMethodString", "GenericSwapMethodString\GenericSwapMethodString.csproj", "{61DE6D99-5C58-42B3-BF49-40D605E7C79C}"
EndProject
Project("{FAE04EC0-301F-11D3-BF4B-00C04F79EFBC}") = "GenericSwapMethodInteger", "GenericSwapMethodInteger\GenericSwapMethodInteger.csproj", "{633F5A24-F00F-40A5-AD3C-7BA4A4ADCB23}"
EndProject
Project("{FAE04EC0-301F-11D3-BF4B-00C04F79EFBC}") = "GenericCountMethodString", "GenericCountMethodString\GenericCountMethodString.csproj", "{EE64E5D9-E841-4679-ADCA-F29A04E9B33B}"
EndProject
Project("{FAE04EC0-301F-11D3-BF4B-00C04F79EFBC}") = "GenericCountMethodDouble", "GenericCountMethodDouble\GenericCountMethodDouble.csproj", "{1D56BADA-953B-4F1B-98B1-1A25D8E426F8}"
EndProject
Global
	GlobalSection(SolutionConfigurationPlatforms) = preSolution
		Debug|Any CPU = Debug|Any CPU
		Release|Any CPU = Release|Any CPU
	EndGlobalSection
	GlobalSection(ProjectConfigurationPlatforms) = postSolution
		{8BC42542-7866-4477-801E-D7C55DFCFAFC}.Debug|Any CPU.ActiveCfg = Debug|Any CPU
		{8BC42542-7866-4477-801E-D7C55DFCFAFC}.Debug|Any CPU.Build.0 = Debug|Any CPU
		{8BC42542-7866-4477-801E-D7C55DFCFAFC}.Release|Any CPU.ActiveCfg = Release|Any CPU
		{8BC42542-7866-4477-801E-D7C55DFCFAFC}.Release|Any CPU.Build.0 = Release|Any CPU
		{C3A4658B-3589-4C3D-A05E-DA36EAD5807A}.Debug|Any CPU.ActiveCfg = Debug|Any CPU
		{C3A4658B-3589-4C3D-A05E-DA36EAD5807A}.Debug|Any CPU.Build.0 = Debug|Any CPU
		{C3A4658B-3589-4C3D-A05E-DA36EAD5807A}.Release|Any CPU.ActiveCfg = Release|Any CPU
		{C3A4658B-3589-4C3D-A05E-DA36EAD5807A}.Release|Any CPU.Build.0 = Release|Any CPU
		{61DE6D99-5C58-42B3-BF49-40D605E7C79C}.Debug|Any CPU.ActiveCfg = Debug|Any CPU
		{61DE6D99-5C58-42B3-BF49-40D605E7C79C}.Debug|Any CPU.Build.0 = Debug|Any CPU
		{61DE6D99-5C58-42B3-BF49-40D605E7C79C}.Release|Any CPU.ActiveCfg = Release|Any CPU
		{61DE6D99-5C58-42B3-BF49-40D605E7C79C}.Release|Any CPU.Build.0 = Release|Any CPU
		{633F5A24-F00F-40A5-AD3C-7BA4A4ADCB23}.Debug|Any CPU.ActiveCfg = Debug|Any CPU
		{633F5A24-F00F-40A5-AD3C-7BA4A4ADCB23}.Debug|Any CPU.Build.0 = Debug|Any CPU
		{633F5A24-F00F-40A5-AD3C-7BA4A4ADCB23}.Release|Any CPU.ActiveCfg = Release|Any CPU
		{633F5A24-F00F-40A5-AD3C-7BA4A4ADCB23}.Release|Any CPU.Build.0 = Release|Any CPU
		{EE64E5D9-E841-4679-ADCA-F29A04E9B33B}.Debug|Any CPU.ActiveCfg = Debug|Any CPU
		{EE64E5D9-E841-4679-ADCA-F29A04E9B33B}.Debug|Any CPU.Build.0 = Debug|Any CPU
		{EE64E5D9-E841-4679-ADCA-F29A04E9B33B}.Release|Any CPU.ActiveCfg = Release|Any CPU
		{EE64E5D9-E841-4679-ADCA-F29A04E9B33B}.Release|Any CPU.Build.0 = Release|Any CPU
		{1D56BADA-953B-4F1B-98B1-1A25D8E426F8}.Debug|Any CPU.ActiveCfg = Debug|Any CPU
		{1D56BADA-953B-4F1B-98B1-1A25D8E426F8}.Debug|Any CPU.Build.0 = Debug|Any CPU
		{1D56BADA-953B-4F1B-98B1-1A25D8E426F8}.Release|Any CPU.ActiveCfg = Release|Any CPU
		{1D56BADA-953B-4F1B-98B1-1A25D8E426F8}.Release|Any CPU.Build.0 = Release|Any CPU
	EndGlobalSection
	GlobalSection(SolutionProperties) = preSolution
		HideSolutionNode = FALSE
	EndGlobalSection
	GlobalSection(ExtensibilityGlobals) = postSolution
		SolutionGuid = {A71D7AA3-E77C-4251-9B08-ABC5EB32AF71}
	EndGlobalSection
EndGlobal
