
Microsoft Visual Studio Solution File, Format Version 12.00
# Visual Studio Version 16
VisualStudioVersion = 16.0.31624.102
MinimumVisualStudioVersion = 10.0.40219.1
Project("{FAE04EC0-301F-11D3-BF4B-00C04F79EFBC}") = "Warm Winter", "Warm Winter\Warm Winter.csproj", "{F96C345C-6BAF-46E7-951D-92D762B3B7B3}"
EndProject
Project("{FAE04EC0-301F-11D3-BF4B-00C04F79EFBC}") = "Super Mario", "Super Mario\Super Mario.csproj", "{6DD0B5FE-A8E3-4B2B-87BA-3D329687DF65}"
EndProject
Project("{9A19103F-16F7-4668-BE54-9A1E7A4F7556}") = "CocktailParty", "..\..\..\Desktop\03. Cocktail Party_Skeleton\Skeleton\CocktailParty.csproj", "{E1A4696C-9423-41CE-85E1-C6E548958013}"
EndProject
Global
	GlobalSection(SolutionConfigurationPlatforms) = preSolution
		Debug|Any CPU = Debug|Any CPU
		Release|Any CPU = Release|Any CPU
	EndGlobalSection
	GlobalSection(ProjectConfigurationPlatforms) = postSolution
		{F96C345C-6BAF-46E7-951D-92D762B3B7B3}.Debug|Any CPU.ActiveCfg = Debug|Any CPU
		{F96C345C-6BAF-46E7-951D-92D762B3B7B3}.Debug|Any CPU.Build.0 = Debug|Any CPU
		{F96C345C-6BAF-46E7-951D-92D762B3B7B3}.Release|Any CPU.ActiveCfg = Release|Any CPU
		{F96C345C-6BAF-46E7-951D-92D762B3B7B3}.Release|Any CPU.Build.0 = Release|Any CPU
		{6DD0B5FE-A8E3-4B2B-87BA-3D329687DF65}.Debug|Any CPU.ActiveCfg = Debug|Any CPU
		{6DD0B5FE-A8E3-4B2B-87BA-3D329687DF65}.Debug|Any CPU.Build.0 = Debug|Any CPU
		{6DD0B5FE-A8E3-4B2B-87BA-3D329687DF65}.Release|Any CPU.ActiveCfg = Release|Any CPU
		{6DD0B5FE-A8E3-4B2B-87BA-3D329687DF65}.Release|Any CPU.Build.0 = Release|Any CPU
		{E1A4696C-9423-41CE-85E1-C6E548958013}.Debug|Any CPU.ActiveCfg = Debug|Any CPU
		{E1A4696C-9423-41CE-85E1-C6E548958013}.Debug|Any CPU.Build.0 = Debug|Any CPU
		{E1A4696C-9423-41CE-85E1-C6E548958013}.Release|Any CPU.ActiveCfg = Release|Any CPU
		{E1A4696C-9423-41CE-85E1-C6E548958013}.Release|Any CPU.Build.0 = Release|Any CPU
	EndGlobalSection
	GlobalSection(SolutionProperties) = preSolution
		HideSolutionNode = FALSE
	EndGlobalSection
	GlobalSection(ExtensibilityGlobals) = postSolution
		SolutionGuid = {99830B39-350A-4E7B-BB34-D43B2B16A03C}
	EndGlobalSection
EndGlobal
