
Microsoft Visual Studio Solution File, Format Version 12.00
# Visual Studio Version 16
VisualStudioVersion = 16.0.31624.102
MinimumVisualStudioVersion = 10.0.40219.1
Project("{9A19103F-16F7-4668-BE54-9A1E7A4F7556}") = "BirthdayCelebration", "BirthdayCelebration\BirthdayCelebration.csproj", "{19E4BC1B-5806-4E1A-B33F-CF6FB9B9EE56}"
EndProject
Project("{9A19103F-16F7-4668-BE54-9A1E7A4F7556}") = "The Battle of The Five Armies", "The Battle of The Five Armies\The Battle of The Five Armies.csproj", "{5F3D14C9-77AC-466A-B5A7-5DC2620BDD3D}"
EndProject
Project("{9A19103F-16F7-4668-BE54-9A1E7A4F7556}") = "StreetRacing", "..\..\..\Desktop\03. Street Racing_Skeleton\StreetRacing\StreetRacing.csproj", "{706EECDD-0AF0-4120-81EB-5C9E24D88F27}"
EndProject
Global
	GlobalSection(SolutionConfigurationPlatforms) = preSolution
		Debug|Any CPU = Debug|Any CPU
		Release|Any CPU = Release|Any CPU
	EndGlobalSection
	GlobalSection(ProjectConfigurationPlatforms) = postSolution
		{19E4BC1B-5806-4E1A-B33F-CF6FB9B9EE56}.Debug|Any CPU.ActiveCfg = Debug|Any CPU
		{19E4BC1B-5806-4E1A-B33F-CF6FB9B9EE56}.Debug|Any CPU.Build.0 = Debug|Any CPU
		{19E4BC1B-5806-4E1A-B33F-CF6FB9B9EE56}.Release|Any CPU.ActiveCfg = Release|Any CPU
		{19E4BC1B-5806-4E1A-B33F-CF6FB9B9EE56}.Release|Any CPU.Build.0 = Release|Any CPU
		{5F3D14C9-77AC-466A-B5A7-5DC2620BDD3D}.Debug|Any CPU.ActiveCfg = Debug|Any CPU
		{5F3D14C9-77AC-466A-B5A7-5DC2620BDD3D}.Debug|Any CPU.Build.0 = Debug|Any CPU
		{5F3D14C9-77AC-466A-B5A7-5DC2620BDD3D}.Release|Any CPU.ActiveCfg = Release|Any CPU
		{5F3D14C9-77AC-466A-B5A7-5DC2620BDD3D}.Release|Any CPU.Build.0 = Release|Any CPU
		{706EECDD-0AF0-4120-81EB-5C9E24D88F27}.Debug|Any CPU.ActiveCfg = Debug|Any CPU
		{706EECDD-0AF0-4120-81EB-5C9E24D88F27}.Debug|Any CPU.Build.0 = Debug|Any CPU
		{706EECDD-0AF0-4120-81EB-5C9E24D88F27}.Release|Any CPU.ActiveCfg = Release|Any CPU
		{706EECDD-0AF0-4120-81EB-5C9E24D88F27}.Release|Any CPU.Build.0 = Release|Any CPU
	EndGlobalSection
	GlobalSection(SolutionProperties) = preSolution
		HideSolutionNode = FALSE
	EndGlobalSection
	GlobalSection(ExtensibilityGlobals) = postSolution
		SolutionGuid = {000A00F9-AC68-45CE-A516-51C399939E70}
	EndGlobalSection
EndGlobal
