
Microsoft Visual Studio Solution File, Format Version 12.00
# Visual Studio Version 16
VisualStudioVersion = 16.0.31624.102
MinimumVisualStudioVersion = 10.0.40219.1
Project("{FAE04EC0-301F-11D3-BF4B-00C04F79EFBC}") = "Even Lines", "Even Lines\Even Lines.csproj", "{39D2B0BA-6D6B-4F9C-BE1E-F66448B66CF1}"
EndProject
Project("{FAE04EC0-301F-11D3-BF4B-00C04F79EFBC}") = "Line Numbers", "Line Numbers\Line Numbers.csproj", "{A3C5BD8C-04A3-4D79-B1DA-9FD6C84080EF}"
EndProject
Global
	GlobalSection(SolutionConfigurationPlatforms) = preSolution
		Debug|Any CPU = Debug|Any CPU
		Release|Any CPU = Release|Any CPU
	EndGlobalSection
	GlobalSection(ProjectConfigurationPlatforms) = postSolution
		{39D2B0BA-6D6B-4F9C-BE1E-F66448B66CF1}.Debug|Any CPU.ActiveCfg = Debug|Any CPU
		{39D2B0BA-6D6B-4F9C-BE1E-F66448B66CF1}.Debug|Any CPU.Build.0 = Debug|Any CPU
		{39D2B0BA-6D6B-4F9C-BE1E-F66448B66CF1}.Release|Any CPU.ActiveCfg = Release|Any CPU
		{39D2B0BA-6D6B-4F9C-BE1E-F66448B66CF1}.Release|Any CPU.Build.0 = Release|Any CPU
		{A3C5BD8C-04A3-4D79-B1DA-9FD6C84080EF}.Debug|Any CPU.ActiveCfg = Debug|Any CPU
		{A3C5BD8C-04A3-4D79-B1DA-9FD6C84080EF}.Debug|Any CPU.Build.0 = Debug|Any CPU
		{A3C5BD8C-04A3-4D79-B1DA-9FD6C84080EF}.Release|Any CPU.ActiveCfg = Release|Any CPU
		{A3C5BD8C-04A3-4D79-B1DA-9FD6C84080EF}.Release|Any CPU.Build.0 = Release|Any CPU
	EndGlobalSection
	GlobalSection(SolutionProperties) = preSolution
		HideSolutionNode = FALSE
	EndGlobalSection
	GlobalSection(ExtensibilityGlobals) = postSolution
		SolutionGuid = {53083207-533B-4FFC-8670-C451F2A8B431}
	EndGlobalSection
EndGlobal
